
Microsoft Visual Studio Solution File, Format Version 12.00
# Visual Studio 15
VisualStudioVersion = 15.0.28307.572
MinimumVisualStudioVersion = 10.0.40219.1
Project("{888888A0-9F3D-457C-B088-3A5042F75D52}") = "convert_infix_to_postfix", "convert_infix_to_postfix\convert_infix_to_postfix.pyproj", "{A5A229EF-4D63-432A-A75F-BF3F60B61A02}"
EndProject
Global
	GlobalSection(SolutionConfigurationPlatforms) = preSolution
		Debug|Any CPU = Debug|Any CPU
		Release|Any CPU = Release|Any CPU
	EndGlobalSection
	GlobalSection(ProjectConfigurationPlatforms) = postSolution
		{A5A229EF-4D63-432A-A75F-BF3F60B61A02}.Debug|Any CPU.ActiveCfg = Debug|Any CPU
		{A5A229EF-4D63-432A-A75F-BF3F60B61A02}.Release|Any CPU.ActiveCfg = Release|Any CPU
	EndGlobalSection
	GlobalSection(SolutionProperties) = preSolution
		HideSolutionNode = FALSE
	EndGlobalSection
	GlobalSection(ExtensibilityGlobals) = postSolution
		SolutionGuid = {FDF468B7-3AB0-42BC-AE72-5218E5194FD1}
	EndGlobalSection
EndGlobal
